github.com/lukejoshuapark/app v1.0.1 h1:3csjrbm2ADqrRMCrb43+sEy1v9goQWekoLD9V7iCexo=
github.com/lukejoshuapark/app v1.0.1/go.mod h1:zMdP1z3A6uR0BjCbzpsEbUGh+QbFniwDEJkNpApR+P0=
github.com/lukejoshuapark/test v1.0.3 h1:hG3Qm3oD/+fitXHCUyvIWQLHXCbGdGMadXA2gpynOJs=
github.com/lukejoshuapark/test v1.0.3/go.mod h1:aL/NFkmy+G4US2C+KgWjpToW8cz3WfeDHL120BxJmAM=
